{
  "name": "holygrail5",
  "version": "1.0.12",
  "lockfileVersion": 3,
  "requires": true,
  "packages": {
    "": {
      "name": "holygrail5",
      "version": "1.0.12",
      "license": "MIT",
      "bin": {
        "holygrail5": "generate-css.js"
      },
      "engines": {
        "node": ">=12.0.0"
      }
    }
  }
}
